// !$*UTF8*$!
{
	archiveVersion = 1;
	classes = {
	};
	objectVersion = 52;
	objects = {

/* Begin PBXBuildFile section */
		F02F8CBE234740E80057C435 /* AppDelegate.swift in Sources */ = {isa = PBXBuildFile; fileRef = F02F8CBD234740E80057C435 /* AppDelegate.swift */; };
		F02F8CC0234740E80057C435 /* SceneDelegate.swift in Sources */ = {isa = PBXBuildFile; fileRef = F02F8CBF234740E80057C435 /* SceneDelegate.swift */; };
		F02F8CC2234740E80057C435 /* ViewController.swift in Sources */ = {isa = PBXBuildFile; fileRef = F02F8CC1234740E80057C435 /* ViewController.swift */; };
		F02F8CC5234740E90057C435 /* Main.storyboard in Resources */ = {isa = PBXBuildFile; fileRef = F02F8CC3234740E90057C435 /* Main.storyboard */; };
		F02F8CC7234740ED0057C435 /* Assets.xcassets in Resources */ = {isa = PBXBuildFile; fileRef = F02F8CC6234740ED0057C435 /* Assets.xcassets */; };
		F02F8CCA234740ED0057C435 /* LaunchScreen.storyboard in Resources */ = {isa = PBXBuildFile; fileRef = F02F8CC8234740ED0057C435 /* LaunchScreen.storyboard */; };
		F02F8CD5234740EE0057C435 /* TestSwiftPackageManagerTests.swift in Sources */ = {isa = PBXBuildFile; fileRef = F02F8CD4234740EE0057C435 /* TestSwiftPackageManagerTests.swift */; };
		F02F8CE0234740EE0057C435 /* TestSwiftPackageManagerUITests.swift in Sources */ = {isa = PBXBuildFile; fileRef = F02F8CDF234740EE0057C435 /* TestSwiftPackageManagerUITests.swift */; };
		F02F8CEF2347442B0057C435 /* Realm in Frameworks */ = {isa = PBXBuildFile; productRef = F02F8CEE2347442B0057C435 /* Realm */; };
		F02F8CF12347442B0057C435 /* RealmSwift in Frameworks */ = {isa = PBXBuildFile; productRef = F02F8CF02347442B0057C435 /* RealmSwift */; };
/* End PBXBuildFile section */

/* Begin PBXContainerItemProxy section */
		F02F8CD1234740EE0057C435 /* PBXContainerItemProxy */ = {
			isa = PBXContainerItemProxy;
			containerPortal = F02F8CB2234740E80057C435 /* Project object */;
			proxyType = 1;
			remoteGlobalIDString = F02F8CB9234740E80057C435;
			remoteInfo = TestSwiftPackageManager;
		};
		F02F8CDC234740EE0057C435 /* PBXContainerItemProxy */ = {
			isa = PBXContainerItemProxy;
			containerPortal = F02F8CB2234740E80057C435 /* Project object */;
			proxyType = 1;
			remoteGlobalIDString = F02F8CB9234740E80057C435;
			remoteInfo = TestSwiftPackageManager;
		};
/* End PBXContainerItemProxy section */

/* Begin PBXFileReference section */
		F02F8CBA234740E80057C435 /* TestSwiftPackageManager.app */ = {isa = PBXFileReference; explicitFileType = wrapper.application; includeInIndex = 0; path = TestSwiftPackageManager.app; sourceTree = BUILT_PRODUCTS_DIR; };
		F02F8CBD234740E80057C435 /* AppDelegate.swift */ = {isa = PBXFileReference; lastKnownFileType = sourcecode.swift; path = AppDelegate.swift; sourceTree = "<group>"; };
		F02F8CBF234740E80057C435 /* SceneDelegate.swift */ = {isa = PBXFileReference; lastKnownFileType = sourcecode.swift; path = SceneDelegate.swift; sourceTree = "<group>"; };
		F02F8CC1234740E80057C435 /* ViewController.swift */ = {isa = PBXFileReference; lastKnownFileType = sourcecode.swift; path = ViewController.swift; sourceTree = "<group>"; };
		F02F8CC4234740E90057C435 /* Base */ = {isa = PBXFileReference; lastKnownFileType = file.storyboard; name = Base; path = Base.lproj/Main.storyboard; sourceTree = "<group>"; };
		F02F8CC6234740ED0057C435 /* Assets.xcassets */ = {isa = PBXFileReference; lastKnownFileType = folder.assetcatalog; path = Assets.xcassets; sourceTree = "<group>"; };
		F02F8CC9234740ED0057C435 /* Base */ = {isa = PBXFileReference; lastKnownFileType = file.storyboard; name = Base; path = Base.lproj/LaunchScreen.storyboard; sourceTree = "<group>"; };
		F02F8CCB234740ED0057C435 /* Info.plist */ = {isa = PBXFileReference; lastKnownFileType = text.plist.xml; path = Info.plist; sourceTree = "<group>"; };
		F02F8CD0234740EE0057C435 /* TestSwiftPackageManagerTests.xctest */ = {isa = PBXFileReference; explicitFileType = wrapper.cfbundle; includeInIndex = 0; path = TestSwiftPackageManagerTests.xctest; sourceTree = BUILT_PRODUCTS_DIR; };
		F02F8CD4234740EE0057C435 /* TestSwiftPackageManagerTests.swift */ = {isa = PBXFileReference; lastKnownFileType = sourcecode.swift; path = TestSwiftPackageManagerTests.swift; sourceTree = "<group>"; };
		F02F8CD6234740EE0057C435 /* Info.plist */ = {isa = PBXFileReference; lastKnownFileType = text.plist.xml; path = Info.plist; sourceTree = "<group>"; };
		F02F8CDB234740EE0057C435 /* TestSwiftPackageManagerUITests.xctest */ = {isa = PBXFileReference; explicitFileType = wrapper.cfbundle; includeInIndex = 0; path = TestSwiftPackageManagerUITests.xctest; sourceTree = BUILT_PRODUCTS_DIR; };
		F02F8CDF234740EE0057C435 /* TestSwiftPackageManagerUITests.swift */ = {isa = PBXFileReference; lastKnownFileType = sourcecode.swift; path = TestSwiftPackageManagerUITests.swift; sourceTree = "<group>"; };
		F02F8CE1234740EE0057C435 /* Info.plist */ = {isa = PBXFileReference; lastKnownFileType = text.plist.xml; path = Info.plist; sourceTree = "<group>"; };
/* End PBXFileReference section */

/* Begin PBXFrameworksBuildPhase section */
		F02F8CB7234740E80057C435 /* Frameworks */ = {
			isa = PBXFrameworksBuildPhase;
			buildActionMask = 2147483647;
			files = (
				F02F8CF12347442B0057C435 /* RealmSwift in Frameworks */,
				F02F8CEF2347442B0057C435 /* Realm in Frameworks */,
			);
			runOnlyForDeploymentPostprocessing = 0;
		};
		F02F8CCD234740EE0057C435 /* Frameworks */ = {
			isa = PBXFrameworksBuildPhase;
			buildActionMask = 2147483647;
			files = (
			);
			runOnlyForDeploymentPostprocessing = 0;
		};
		F02F8CD8234740EE0057C435 /* Frameworks */ = {
			isa = PBXFrameworksBuildPhase;
			buildActionMask = 2147483647;
			files = (
			);
			runOnlyForDeploymentPostprocessing = 0;
		};
/* End PBXFrameworksBuildPhase section */

/* Begin PBXGroup section */
		F02F8CB1234740E80057C435 = {
			isa = PBXGroup;
			children = (
				F02F8CBC234740E80057C435 /* TestSwiftPackageManager */,
				F02F8CD3234740EE0057C435 /* TestSwiftPackageManagerTests */,
				F02F8CDE234740EE0057C435 /* TestSwiftPackageManagerUITests */,
				F02F8CBB234740E80057C435 /* Products */,
			);
			sourceTree = "<group>";
		};
		F02F8CBB234740E80057C435 /* Products */ = {
			isa = PBXGroup;
			children = (
				F02F8CBA234740E80057C435 /* TestSwiftPackageManager.app */,
				F02F8CD0234740EE0057C435 /* TestSwiftPackageManagerTests.xctest */,
				F02F8CDB234740EE0057C435 /* TestSwiftPackageManagerUITests.xctest */,
			);
			name = Products;
			sourceTree = "<group>";
		};
		F02F8CBC234740E80057C435 /* TestSwiftPackageManager */ = {
			isa = PBXGroup;
			children = (
				F02F8CBD234740E80057C435 /* AppDelegate.swift */,
				F02F8CBF234740E80057C435 /* SceneDelegate.swift */,
				F02F8CC1234740E80057C435 /* ViewController.swift */,
				F02F8CC3234740E90057C435 /* Main.storyboard */,
				F02F8CC6234740ED0057C435 /* Assets.xcassets */,
				F02F8CC8234740ED0057C435 /* LaunchScreen.storyboard */,
				F02F8CCB234740ED0057C435 /* Info.plist */,
			);
			path = TestSwiftPackageManager;
			sourceTree = "<group>";
		};
		F02F8CD3234740EE0057C435 /* TestSwiftPackageManagerTests */ = {
			isa = PBXGroup;
			children = (
				F02F8CD4234740EE0057C435 /* TestSwiftPackageManagerTests.swift */,
				F02F8CD6234740EE0057C435 /* Info.plist */,
			);
			path = TestSwiftPackageManagerTests;
			sourceTree = "<group>";
		};
		F02F8CDE234740EE0057C435 /* TestSwiftPackageManagerUITests */ = {
			isa = PBXGroup;
			children = (
				F02F8CDF234740EE0057C435 /* TestSwiftPackageManagerUITests.swift */,
				F02F8CE1234740EE0057C435 /* Info.plist */,
			);
			path = TestSwiftPackageManagerUITests;
			sourceTree = "<group>";
		};
/* End PBXGroup section */

/* Begin PBXNativeTarget section */
		F02F8CB9234740E80057C435 /* TestSwiftPackageManager */ = {
			isa = PBXNativeTarget;
			buildConfigurationList = F02F8CE4234740EE0057C435 /* Build configuration list for PBXNativeTarget "TestSwiftPackageManager" */;
			buildPhases = (
				F02F8CB6234740E80057C435 /* Sources */,
				F02F8CB7234740E80057C435 /* Frameworks */,
				F02F8CB8234740E80057C435 /* Resources */,
			);
			buildRules = (
			);
			dependencies = (
			);
			name = TestSwiftPackageManager;
			packageProductDependencies = (
				F02F8CEE2347442B0057C435 /* Realm */,
				F02F8CF02347442B0057C435 /* RealmSwift */,
			);
			productName = TestSwiftPackageManager;
			productReference = F02F8CBA234740E80057C435 /* TestSwiftPackageManager.app */;
			productType = "com.apple.product-type.application";
		};
		F02F8CCF234740EE0057C435 /* TestSwiftPackageManagerTests */ = {
			isa = PBXNativeTarget;
			buildConfigurationList = F02F8CE7234740EE0057C435 /* Build configuration list for PBXNativeTarget "TestSwiftPackageManagerTests" */;
			buildPhases = (
				F02F8CCC234740EE0057C435 /* Sources */,
				F02F8CCD234740EE0057C435 /* Frameworks */,
				F02F8CCE234740EE0057C435 /* Resources */,
			);
			buildRules = (
			);
			dependencies = (
				F02F8CD2234740EE0057C435 /* PBXTargetDependency */,
			);
			name = TestSwiftPackageManagerTests;
			productName = TestSwiftPackageManagerTests;
			productReference = F02F8CD0234740EE0057C435 /* TestSwiftPackageManagerTests.xctest */;
			productType = "com.apple.product-type.bundle.unit-test";
		};
		F02F8CDA234740EE0057C435 /* TestSwiftPackageManagerUITests */ = {
			isa = PBXNativeTarget;
			buildConfigurationList = F02F8CEA234740EE0057C435 /* Build configuration list for PBXNativeTarget "TestSwiftPackageManagerUITests" */;
			buildPhases = (
				F02F8CD7234740EE0057C435 /* Sources */,
				F02F8CD8234740EE0057C435 /* Frameworks */,
				F02F8CD9234740EE0057C435 /* Resources */,
			);
			buildRules = (
			);
			dependencies = (
				F02F8CDD234740EE0057C435 /* PBXTargetDependency */,
			);
			name = TestSwiftPackageManagerUITests;
			productName = TestSwiftPackageManagerUITests;
			productReference = F02F8CDB234740EE0057C435 /* TestSwiftPackageManagerUITests.xctest */;
			productType = "com.apple.product-type.bundle.ui-testing";
		};
/* End PBXNativeTarget section */

/* Begin PBXProject section */
		F02F8CB2234740E80057C435 /* Project object */ = {
			isa = PBXProject;
			attributes = {
				LastSwiftUpdateCheck = 1100;
				LastUpgradeCheck = 1100;
				ORGANIZATIONNAME = he.wu;
				TargetAttributes = {
					F02F8CB9234740E80057C435 = {
						CreatedOnToolsVersion = 11.0;
					};
					F02F8CCF234740EE0057C435 = {
						CreatedOnToolsVersion = 11.0;
						TestTargetID = F02F8CB9234740E80057C435;
					};
					F02F8CDA234740EE0057C435 = {
						CreatedOnToolsVersion = 11.0;
						TestTargetID = F02F8CB9234740E80057C435;
					};
				};
			};
			buildConfigurationList = F02F8CB5234740E80057C435 /* Build configuration list for PBXProject "TestSwiftPackageManager" */;
			compatibilityVersion = "Xcode 9.3";
			developmentRegion = en;
			hasScannedForEncodings = 0;
			knownRegions = (
				en,
				Base,
			);
			mainGroup = F02F8CB1234740E80057C435;
			packageReferences = (
				F02F8CED2347442B0057C435 /* XCRemoteSwiftPackageReference "realm-cocoa" */,
			);
			productRefGroup = F02F8CBB234740E80057C435 /* Products */;
			projectDirPath = "";
			projectRoot = "";
			targets = (
				F02F8CB9234740E80057C435 /* TestSwiftPackageManager */,
				F02F8CCF234740EE0057C435 /* TestSwiftPackageManagerTests */,
				F02F8CDA234740EE0057C435 /* TestSwiftPackageManagerUITests */,
			);
		};
/* End PBXProject section */

/* Begin PBXResourcesBuildPhase section */
		F02F8CB8234740E80057C435 /* Resources */ = {
			isa = PBXResourcesBuildPhase;
			buildActionMask = 2147483647;
			files = (
				F02F8CCA234740ED0057C435 /* LaunchScreen.storyboard in Resources */,
				F02F8CC7234740ED0057C435 /* Assets.xcassets in Resources */,
				F02F8CC5234740E90057C435 /* Main.storyboard in Resources */,
			);
			runOnlyForDeploymentPostprocessing = 0;
		};
		F02F8CCE234740EE0057C435 /* Resources */ = {
			isa = PBXResourcesBuildPhase;
			buildActionMask = 2147483647;
			files = (
			);
			runOnlyForDeploymentPostprocessing = 0;
		};
		F02F8CD9234740EE0057C435 /* Resources */ = {
			isa = PBXResourcesBuildPhase;
			buildActionMask = 2147483647;
			files = (
			);
			runOnlyForDeploymentPostprocessing = 0;
		};
/* End PBXResourcesBuildPhase section */

/* Begin PBXSourcesBuildPhase section */
		F02F8CB6234740E80057C435 /* Sources */ = {
			isa = PBXSourcesBuildPhase;
			buildActionMask = 2147483647;
			files = (
				F02F8CC2234740E80057C435 /* ViewController.swift in Sources */,
				F02F8CBE234740E80057C435 /* AppDelegate.swift in Sources */,
				F02F8CC0234740E80057C435 /* SceneDelegate.swift in Sources */,
			);
			runOnlyForDeploymentPostprocessing = 0;
		};
		F02F8CCC234740EE0057C435 /* Sources */ = {
			isa = PBXSourcesBuildPhase;
			buildActionMask = 2147483647;
			files = (
				F02F8CD5234740EE0057C435 /* TestSwiftPackageManagerTests.swift in Sources */,
			);
			runOnlyForDeploymentPostprocessing = 0;
		};
		F02F8CD7234740EE0057C435 /* Sources */ = {
			isa = PBXSourcesBuildPhase;
			buildActionMask = 2147483647;
			files = (
				F02F8CE0234740EE0057C435 /* TestSwiftPackageManagerUITests.swift in Sources */,
			);
			runOnlyForDeploymentPostprocessing = 0;
		};
/* End PBXSourcesBuildPhase section */

/* Begin PBXTargetDependency section */
		F02F8CD2234740EE0057C435 /* PBXTargetDependency */ = {
			isa = PBXTargetDependency;
			target = F02F8CB9234740E80057C435 /* TestSwiftPackageManager */;
			targetProxy = F02F8CD1234740EE0057C435 /* PBXContainerItemProxy */;
		};
		F02F8CDD234740EE0057C435 /* PBXTargetDependency */ = {
			isa = PBXTargetDependency;
			target = F02F8CB9234740E80057C435 /* TestSwiftPackageManager */;
			targetProxy = F02F8CDC234740EE0057C435 /* PBXContainerItemProxy */;
		};
/* End PBXTargetDependency section */

/* Begin PBXVariantGroup section */
		F02F8CC3234740E90057C435 /* Main.storyboard */ = {
			isa = PBXVariantGroup;
			children = (
				F02F8CC4234740E90057C435 /* Base */,
			);
			name = Main.storyboard;
			sourceTree = "<group>";
		};
		F02F8CC8234740ED0057C435 /* LaunchScreen.storyboard */ = {
			isa = PBXVariantGroup;
			children = (
				F02F8CC9234740ED0057C435 /* Base */,
			);
			name = LaunchScreen.storyboard;
			sourceTree = "<group>";
		};
/* End PBXVariantGroup section */

/* Begin XCBuildConfiguration section */
		F02F8CE2234740EE0057C435 /* Debug */ = {
			isa = XCBuildConfiguration;
			buildSettings = {
				ALWAYS_SEARCH_USER_PATHS = NO;
				CLANG_ANALYZER_NONNULL = YES;
				CLANG_ANALYZER_NUMBER_OBJECT_CONVERSION = YES_AGGRESSIVE;
				CLANG_CXX_LANGUAGE_STANDARD = "gnu++14";
				CLANG_CXX_LIBRARY = "libc++";
				CLANG_ENABLE_MODULES = YES;
				CLANG_ENABLE_OBJC_ARC = YES;
				CLANG_ENABLE_OBJC_WEAK = YES;
				CLANG_WARN_BLOCK_CAPTURE_AUTORELEASING = YES;
				CLANG_WARN_BOOL_CONVERSION = YES;
				CLANG_WARN_COMMA = YES;
				CLANG_WARN_CONSTANT_CONVERSION = YES;
				CLANG_WARN_DEPRECATED_OBJC_IMPLEMENTATIONS = YES;
				CLANG_WARN_DIRECT_OBJC_ISA_USAGE = YES_ERROR;
				CLANG_WARN_DOCUMENTATION_COMMENTS = YES;
				CLANG_WARN_EMPTY_BODY = YES;
				CLANG_WARN_ENUM_CONVERSION = YES;
				CLANG_WARN_INFINITE_RECURSION = YES;
				CLANG_WARN_INT_CONVERSION = YES;
				CLANG_WARN_NON_LITERAL_NULL_CONVERSION = YES;
				CLANG_WARN_OBJC_IMPLICIT_RETAIN_SELF = YES;
				CLANG_WARN_OBJC_LITERAL_CONVERSION = YES;
				CLANG_WARN_OBJC_ROOT_CLASS = YES_ERROR;
				CLANG_WARN_RANGE_LOOP_ANALYSIS = YES;
				CLANG_WARN_STRICT_PROTOTYPES = YES;
				CLANG_WARN_SUSPICIOUS_MOVE = YES;
				CLANG_WARN_UNGUARDED_AVAILABILITY = YES_AGGRESSIVE;
				CLANG_WARN_UNREACHABLE_CODE = YES;
				CLANG_WARN__DUPLICATE_METHOD_MATCH = YES;
				COPY_PHASE_STRIP = NO;
				DEBUG_INFORMATION_FORMAT = dwarf;
				ENABLE_STRICT_OBJC_MSGSEND = YES;
				ENABLE_TESTABILITY = YES;
				GCC_C_LANGUAGE_STANDARD = gnu11;
				GCC_DYNAMIC_NO_PIC = NO;
				GCC_NO_COMMON_BLOCKS = YES;
				GCC_OPTIMIZATION_LEVEL = 0;
				GCC_PREPROCESSOR_DEFINITIONS = (
					"DEBUG=1",
					"$(inherited)",
				);
				GCC_WARN_64_TO_32_BIT_CONVERSION = YES;
				GCC_WARN_ABOUT_RETURN_TYPE = YES_ERROR;
				GCC_WARN_UNDECLARED_SELECTOR = YES;
				GCC_WARN_UNINITIALIZED_AUTOS = YES_AGGRESSIVE;
				GCC_WARN_UNUSED_FUNCTION = YES;
				GCC_WARN_UNUSED_VARIABLE = YES;
				IPHONEOS_DEPLOYMENT_TARGET = 13.0;
				MTL_ENABLE_DEBUG_INFO = INCLUDE_SOURCE;
				MTL_FAST_MATH = YES;
				ONLY_ACTIVE_ARCH = YES;
				SDKROOT = iphoneos;
				SWIFT_ACTIVE_COMPILATION_CONDITIONS = DEBUG;
				SWIFT_OPTIMIZATION_LEVEL = "-Onone";
			};
			name = Debug;
		};
		F02F8CE3234740EE0057C435 /* Release */ = {
			isa = XCBuildConfiguration;
			buildSettings = {
				ALWAYS_SEARCH_USER_PATHS = NO;
				CLANG_ANALYZER_NONNULL = YES;
				CLANG_ANALYZER_NUMBER_OBJECT_CONVERSION = YES_AGGRESSIVE;
				CLANG_CXX_LANGUAGE_STANDARD = "gnu++14";
				CLANG_CXX_LIBRARY = "libc++";
				CLANG_ENABLE_MODULES = YES;
				CLANG_ENABLE_OBJC_ARC = YES;
				CLANG_ENABLE_OBJC_WEAK = YES;
				CLANG_WARN_BLOCK_CAPTURE_AUTORELEASING = YES;
				CLANG_WARN_BOOL_CONVERSION = YES;
				CLANG_WARN_COMMA = YES;
				CLANG_WARN_CONSTANT_CONVERSION = YES;
				CLANG_WARN_DEPRECATED_OBJC_IMPLEMENTATIONS = YES;
				CLANG_WARN_DIRECT_OBJC_ISA_USAGE = YES_ERROR;
				CLANG_WARN_DOCUMENTATION_COMMENTS = YES;
				CLANG_WARN_EMPTY_BODY = YES;
				CLANG_WARN_ENUM_CONVERSION = YES;
				CLANG_WARN_INFINITE_RECURSION = YES;
				CLANG_WARN_INT_CONVERSION = YES;
				CLANG_WARN_NON_LITERAL_NULL_CONVERSION = YES;
				CLANG_WARN_OBJC_IMPLICIT_RETAIN_SELF = YES;
				CLANG_WARN_OBJC_LITERAL_CONVERSION = YES;
				CLANG_WARN_OBJC_ROOT_CLASS = YES_ERROR;
				CLANG_WARN_RANGE_LOOP_ANALYSIS = YES;
				CLANG_WARN_STRICT_PROTOTYPES = YES;
				CLANG_WARN_SUSPICIOUS_MOVE = YES;
				CLANG_WARN_UNGUARDED_AVAILABILITY = YES_AGGRESSIVE;
				CLANG_WARN_UNREACHABLE_CODE = YES;
				CLANG_WARN__DUPLICATE_METHOD_MATCH = YES;
				COPY_PHASE_STRIP = NO;
				DEBUG_INFORMATION_FORMAT = "dwarf-with-dsym";
				ENABLE_NS_ASSERTIONS = NO;
				ENABLE_STRICT_OBJC_MSGSEND = YES;
				GCC_C_LANGUAGE_STANDARD = gnu11;
				GCC_NO_COMMON_BLOCKS = YES;
				GCC_WARN_64_TO_32_BIT_CONVERSION = YES;
				GCC_WARN_ABOUT_RETURN_TYPE = YES_ERROR;
				GCC_WARN_UNDECLARED_SELECTOR = YES;
				GCC_WARN_UNINITIALIZED_AUTOS = YES_AGGRESSIVE;
				GCC_WARN_UNUSED_FUNCTION = YES;
				GCC_WARN_UNUSED_VARIABLE = YES;
				IPHONEOS_DEPLOYMENT_TARGET = 13.0;
				MTL_ENABLE_DEBUG_INFO = NO;
				MTL_FAST_MATH = YES;
				SDKROOT = iphoneos;
				SWIFT_COMPILATION_MODE = wholemodule;
				SWIFT_OPTIMIZATION_LEVEL = "-O";
				VALIDATE_PRODUCT = YES;
			};
			name = Release;
		};
		F02F8CE5234740EE0057C435 /* Debug */ = {
			isa = XCBuildConfiguration;
			buildSettings = {
				ASSETCATALOG_COMPILER_APPICON_NAME = AppIcon;
				CODE_SIGN_STYLE = Automatic;
				DEVELOPMENT_TEAM = RCDAB3TZP2;
				INFOPLIST_FILE = TestSwiftPackageManager/Info.plist;
				LD_RUNPATH_SEARCH_PATHS = (
					"$(inherited)",
					"@executable_path/Frameworks",
				);
				PRODUCT_BUNDLE_IDENTIFIER = he.wu.TestSwiftPackageManager;
				PRODUCT_NAME = "$(TARGET_NAME)";
				SWIFT_VERSION = 5.0;
				TARGETED_DEVICE_FAMILY = "1,2";
			};
			name = Debug;
		};
		F02F8CE6234740EE0057C435 /* Release */ = {
			isa = XCBuildConfiguration;
			buildSettings = {
				ASSETCATALOG_COMPILER_APPICON_NAME = AppIcon;
				CODE_SIGN_STYLE = Automatic;
				DEVELOPMENT_TEAM = RCDAB3TZP2;
				INFOPLIST_FILE = TestSwiftPackageManager/Info.plist;
				LD_RUNPATH_SEARCH_PATHS = (
					"$(inherited)",
					"@executable_path/Frameworks",
				);
				PRODUCT_BUNDLE_IDENTIFIER = he.wu.TestSwiftPackageManager;
				PRODUCT_NAME = "$(TARGET_NAME)";
				SWIFT_VERSION = 5.0;
				TARGETED_DEVICE_FAMILY = "1,2";
			};
			name = Release;
		};
		F02F8CE8234740EE0057C435 /* Debug */ = {
			isa = XCBuildConfiguration;
			buildSettings = {
				ALWAYS_EMBED_SWIFT_STANDARD_LIBRARIES = YES;
				BUNDLE_LOADER = "$(TEST_HOST)";
				CODE_SIGN_STYLE = Automatic;
				DEVELOPMENT_TEAM = RCDAB3TZP2;
				INFOPLIST_FILE = TestSwiftPackageManagerTests/Info.plist;
				IPHONEOS_DEPLOYMENT_TARGET = 13.0;
				LD_RUNPATH_SEARCH_PATHS = (
					"$(inherited)",
					"@executable_path/Frameworks",
					"@loader_path/Frameworks",
				);
				PRODUCT_BUNDLE_IDENTIFIER = he.wu.TestSwiftPackageManagerTests;
				PRODUCT_NAME = "$(TARGET_NAME)";
				SWIFT_VERSION = 5.0;
				TARGETED_DEVICE_FAMILY = "1,2";
				TEST_HOST = "$(BUILT_PRODUCTS_DIR)/TestSwiftPackageManager.app/TestSwiftPackageManager";
			};
			name = Debug;
		};
		F02F8CE9234740EE0057C435 /* Release */ = {
			isa = XCBuildConfiguration;
			buildSettings = {
				ALWAYS_EMBED_SWIFT_STANDARD_LIBRARIES = YES;
				BUNDLE_LOADER = "$(TEST_HOST)";
				CODE_SIGN_STYLE = Automatic;
				DEVELOPMENT_TEAM = RCDAB3TZP2;
				INFOPLIST_FILE = TestSwiftPackageManagerTests/Info.plist;
				IPHONEOS_DEPLOYMENT_TARGET = 13.0;
				LD_RUNPATH_SEARCH_PATHS = (
					"$(inherited)",
					"@executable_path/Frameworks",
					"@loader_path/Frameworks",
				);
				PRODUCT_BUNDLE_IDENTIFIER = he.wu.TestSwiftPackageManagerTests;
				PRODUCT_NAME = "$(TARGET_NAME)";
				SWIFT_VERSION = 5.0;
				TARGETED_DEVICE_FAMILY = "1,2";
				TEST_HOST = "$(BUILT_PRODUCTS_DIR)/TestSwiftPackageManager.app/TestSwiftPackageManager";
			};
			name = Release;
		};
		F02F8CEB234740EE0057C435 /* Debug */ = {
			isa = XCBuildConfiguration;
			buildSettings = {
				ALWAYS_EMBED_SWIFT_STANDARD_LIBRARIES = YES;
				CODE_SIGN_STYLE = Automatic;
				DEVELOPMENT_TEAM = RCDAB3TZP2;
				INFOPLIST_FILE = TestSwiftPackageManagerUITests/Info.plist;
				LD_RUNPATH_SEARCH_PATHS = (
					"$(inherited)",
					"@executable_path/Frameworks",
					"@loader_path/Frameworks",
				);
				PRODUCT_BUNDLE_IDENTIFIER = he.wu.TestSwiftPackageManagerUITests;
				PRODUCT_NAME = "$(TARGET_NAME)";
				SWIFT_VERSION = 5.0;
				TARGETED_DEVICE_FAMILY = "1,2";
				TEST_TARGET_NAME = TestSwiftPackageManager;
			};
			name = Debug;
		};
		F02F8CEC234740EE0057C435 /* Release */ = {
			isa = XCBuildConfiguration;
			buildSettings = {
				ALWAYS_EMBED_SWIFT_STANDARD_LIBRARIES = YES;
				CODE_SIGN_STYLE = Automatic;
				DEVELOPMENT_TEAM = RCDAB3TZP2;
				INFOPLIST_FILE = TestSwiftPackageManagerUITests/Info.plist;
				LD_RUNPATH_SEARCH_PATHS = (
					"$(inherited)",
					"@executable_path/Frameworks",
					"@loader_path/Frameworks",
				);
				PRODUCT_BUNDLE_IDENTIFIER = he.wu.TestSwiftPackageManagerUITests;
				PRODUCT_NAME = "$(TARGET_NAME)";
				SWIFT_VERSION = 5.0;
				TARGETED_DEVICE_FAMILY = "1,2";
				TEST_TARGET_NAME = TestSwiftPackageManager;
			};
			name = Release;
		};
/* End XCBuildConfiguration section */

/* Begin XCConfigurationList section */
		F02F8CB5234740E80057C435 /* Build configuration list for PBXProject "TestSwiftPackageManager" */ = {
			isa = XCConfigurationList;
			buildConfigurations = (
				F02F8CE2234740EE0057C435 /* Debug */,
				F02F8CE3234740EE0057C435 /* Release */,
			);
			defaultConfigurationIsVisible = 0;
			defaultConfigurationName = Release;
		};
		F02F8CE4234740EE0057C435 /* Build configuration list for PBXNativeTarget "TestSwiftPackageManager" */ = {
			isa = XCConfigurationList;
			buildConfigurations = (
				F02F8CE5234740EE0057C435 /* Debug */,
				F02F8CE6234740EE0057C435 /* Release */,
			);
			defaultConfigurationIsVisible = 0;
			defaultConfigurationName = Release;
		};
		F02F8CE7234740EE0057C435 /* Build configuration list for PBXNativeTarget "TestSwiftPackageManagerTests" */ = {
			isa = XCConfigurationList;
			buildConfigurations = (
				F02F8CE8234740EE0057C435 /* Debug */,
				F02F8CE9234740EE0057C435 /* Release */,
			);
			defaultConfigurationIsVisible = 0;
			defaultConfigurationName = Release;
		};
		F02F8CEA234740EE0057C435 /* Build configuration list for PBXNativeTarget "TestSwiftPackageManagerUITests" */ = {
			isa = XCConfigurationList;
			buildConfigurations = (
				F02F8CEB234740EE0057C435 /* Debug */,
				F02F8CEC234740EE0057C435 /* Release */,
			);
			defaultConfigurationIsVisible = 0;
			defaultConfigurationName = Release;
		};
/* End XCConfigurationList section */

/* Begin XCRemoteSwiftPackageReference section */
		F02F8CED2347442B0057C435 /* XCRemoteSwiftPackageReference "realm-cocoa" */ = {
			isa = XCRemoteSwiftPackageReference;
			repositoryURL = "https://github.com/realm/realm-cocoa.git";
			requirement = {
				kind = upToNextMajorVersion;
				minimumVersion = 3.19.0;
			};
		};
/* End XCRemoteSwiftPackageReference section */

/* Begin XCSwiftPackageProductDependency section */
		F02F8CEE2347442B0057C435 /* Realm */ = {
			isa = XCSwiftPackageProductDependency;
			package = F02F8CED2347442B0057C435 /* XCRemoteSwiftPackageReference "realm-cocoa" */;
			productName = Realm;
		};
		F02F8CF02347442B0057C435 /* RealmSwift */ = {
			isa = XCSwiftPackageProductDependency;
			package = F02F8CED2347442B0057C435 /* XCRemoteSwiftPackageReference "realm-cocoa" */;
			productName = RealmSwift;
		};
/* End XCSwiftPackageProductDependency section */
	};
	rootObject = F02F8CB2234740E80057C435 /* Project object */;
}
